
Microsoft Visual Studio Solution File, Format Version 12.00
# Visual Studio Version 16
VisualStudioVersion = 16.0.30225.117
MinimumVisualStudioVersion = 10.0.40219.1
Project("{FAE04EC0-301F-11D3-BF4B-00C04F79EFBC}") = "FinalProject", "FinalProject\FinalProject.csproj", "{B3828F8D-AEB7-4C4C-810A-5E7B0D8D4F04}"
EndProject
Project("{2150E333-8FDC-42A3-9474-1A3956D46DE8}") = "BLL", "BLL", "{7DC2BA06-5124-49D7-ACB0-EEA5D19A4203}"
EndProject
Project("{2150E333-8FDC-42A3-9474-1A3956D46DE8}") = "PL", "PL", "{E30E6463-FD28-415D-A803-7DB81B4B05BC}"
EndProject
Project("{2150E333-8FDC-42A3-9474-1A3956D46DE8}") = "DAL", "DAL", "{EC6DBA97-02CA-4228-962C-F2D8C360B676}"
EndProject
Project("{2150E333-8FDC-42A3-9474-1A3956D46DE8}") = "Common", "Common", "{49D692F3-826D-4F49-9038-8E6B296EFC19}"
EndProject
Project("{FAE04EC0-301F-11D3-BF4B-00C04F79EFBC}") = "Users.DAL.Interfaces", "Users.DAL.Interfaces\Users.DAL.Interfaces.csproj", "{738C321E-136E-4476-BCFB-01A1538D1D1E}"
EndProject
Project("{FAE04EC0-301F-11D3-BF4B-00C04F79EFBC}") = "Users.DAL", "Users.DAL\Users.DAL.csproj", "{FDD97508-9D75-449C-8E3B-89CDAC700E84}"
EndProject
Project("{FAE04EC0-301F-11D3-BF4B-00C04F79EFBC}") = "Users.BLL.Interfaces", "Users.BLL.Interfaces\Users.BLL.Interfaces.csproj", "{93CF15EB-E100-46C4-A0A0-48B787D8A8DF}"
EndProject
Project("{FAE04EC0-301F-11D3-BF4B-00C04F79EFBC}") = "Users.BLL", "Users.BLL\Users.BLL.csproj", "{BA741EB5-72CB-4F78-B775-69ABE5876026}"
EndProject
Project("{FAE04EC0-301F-11D3-BF4B-00C04F79EFBC}") = "FinalProject.Common", "FinalProject.Common\FinalProject.Common.csproj", "{4C873B61-C686-4237-8002-3E8CFA1FBAAC}"
EndProject
Project("{FAE04EC0-301F-11D3-BF4B-00C04F79EFBC}") = "FinalProject.Entities", "FinalProject.Entities\FinalProject.Entities.csproj", "{C0D36FFF-4A33-42BB-8A3C-E8D6AE02AEEC}"
EndProject
Project("{FAE04EC0-301F-11D3-BF4B-00C04F79EFBC}") = "Day_Lesson.DAL", "Day_Lesson.DAL\Day_Lesson.DAL.csproj", "{E7E820F4-4F8C-426E-B713-572455D6B76D}"
EndProject
Project("{FAE04EC0-301F-11D3-BF4B-00C04F79EFBC}") = "Day_Lesson.DAL.Interfaces", "Day_Lesson.DAL.Interfaces\Day_Lesson.DAL.Interfaces.csproj", "{6B938855-7FAB-4A9E-A72C-7879F3F3B005}"
EndProject
Project("{FAE04EC0-301F-11D3-BF4B-00C04F79EFBC}") = "Day_Lesson.BLL", "Day_Lesson.BLL\Day_Lesson.BLL.csproj", "{D7CCFD95-9A4D-4DB2-9A85-70131566F49C}"
EndProject
Project("{FAE04EC0-301F-11D3-BF4B-00C04F79EFBC}") = "Day_Lesson.BLL.Interfaces", "Day_Lesson.BLL.Interfaces\Day_Lesson.BLL.Interfaces.csproj", "{9A951C8A-DFF4-4110-B6E7-FF633A78322B}"
EndProject
Project("{FAE04EC0-301F-11D3-BF4B-00C04F79EFBC}") = "Time_Lesson.DAL", "Time_Lesson.DAL\Time_Lesson.DAL.csproj", "{005FC1D5-371D-4AF5-9886-6CD1E824C5BB}"
EndProject
Project("{FAE04EC0-301F-11D3-BF4B-00C04F79EFBC}") = "Time_Lesson.DAL.Interfaces", "Time_Lesson.DAL.Interfaces\Time_Lesson.DAL.Interfaces.csproj", "{FBA7EBCC-59A9-4FD5-A231-89C8220D7F49}"
EndProject
Project("{FAE04EC0-301F-11D3-BF4B-00C04F79EFBC}") = "Time_Lesson.BLL", "Time_Lesson.BLL\Time_Lesson.BLL.csproj", "{4289A441-D6D4-44C4-9CFD-BF12DB2DA422}"
EndProject
Project("{FAE04EC0-301F-11D3-BF4B-00C04F79EFBC}") = "Time_Lesson.BLL.Interfaces", "Time_Lesson.BLL.Interfaces\Time_Lesson.BLL.Interfaces.csproj", "{656BE8ED-720D-4F41-82E5-B9434984B45B}"
EndProject
Project("{FAE04EC0-301F-11D3-BF4B-00C04F79EFBC}") = "Users_TimeLesson.DAL", "Users_TimeLesson.DAL\Users_TimeLesson.DAL.csproj", "{18E4477C-83BE-4906-B825-E858477C3EDD}"
EndProject
Project("{FAE04EC0-301F-11D3-BF4B-00C04F79EFBC}") = "Users_TimeLesson.DAL.Interfaces", "Users_TimeLesson.DAL.Interfaces\Users_TimeLesson.DAL.Interfaces.csproj", "{012134CB-4AF4-45FD-A329-51558CD40F86}"
EndProject
Project("{FAE04EC0-301F-11D3-BF4B-00C04F79EFBC}") = "Users_TimeLesson.BLL", "Users_TimeLesson.BLL\Users_TimeLesson.BLL.csproj", "{EB1245E5-B750-4011-A0C9-F253F66D2EC3}"
EndProject
Project("{FAE04EC0-301F-11D3-BF4B-00C04F79EFBC}") = "Users_TimeLesson.BLL.Interfaces", "Users_TimeLesson.BLL.Interfaces\Users_TimeLesson.BLL.Interfaces.csproj", "{7FFCBD67-B6B1-4843-930B-ADB535507CF0}"
EndProject
Project("{FAE04EC0-301F-11D3-BF4B-00C04F79EFBC}") = "Table_DayLesson.DAL", "table_DayLesson.DAL\Table_DayLesson.DAL.csproj", "{603BEAE7-0A8F-4187-9334-8FA180AA59E7}"
EndProject
Project("{FAE04EC0-301F-11D3-BF4B-00C04F79EFBC}") = "Table_DayLesson.DAL.Interfaces", "table_DayLesson.DAL.Interfaces\Table_DayLesson.DAL.Interfaces.csproj", "{8B164B17-A26A-416E-AAAF-EECF714B8F32}"
EndProject
Project("{FAE04EC0-301F-11D3-BF4B-00C04F79EFBC}") = "Table_DayLesson.BLL", "Table_DayLesson.BLL\Table_DayLesson.BLL.csproj", "{8E9EE241-234B-4AC3-8336-1652759BB83F}"
EndProject
Project("{FAE04EC0-301F-11D3-BF4B-00C04F79EFBC}") = "Table_DayLesson.BLL.Interfaces", "Table_DayLesson.BLL.Interfaces\Table_DayLesson.BLL.Interfaces.csproj", "{26BF7904-5BC5-4B92-AEB1-FF17EADC3DD0}"
EndProject
Project("{FAE04EC0-301F-11D3-BF4B-00C04F79EFBC}") = "Trial_Lesson.DAL", "TrialLesson.DAL\Trial_Lesson.DAL.csproj", "{336670D3-F964-4F5A-868C-F2D3ED4C0A8C}"
EndProject
Project("{FAE04EC0-301F-11D3-BF4B-00C04F79EFBC}") = "Trial_Lesson.DAL.Interfaces", "TrialLesson.DAL.Interfaces\Trial_Lesson.DAL.Interfaces.csproj", "{FFFF2130-653B-4182-9AEE-5DACA6DAB635}"
EndProject
Project("{FAE04EC0-301F-11D3-BF4B-00C04F79EFBC}") = "Trial_Lesson.BLL", "Trial_Lesson.BLL\Trial_Lesson.BLL.csproj", "{3BB6E605-34C1-43F0-91B0-968924C9345E}"
EndProject
Project("{FAE04EC0-301F-11D3-BF4B-00C04F79EFBC}") = "Trial_Lesson.BLL.Interfaces", "Trial_Lesson.BLL.Interfaces\Trial_Lesson.BLL.Interfaces.csproj", "{3BA605B7-E58C-40A2-A4CE-413E62EB2B31}"
EndProject
Global
	GlobalSection(SolutionConfigurationPlatforms) = preSolution
		Debug|Any CPU = Debug|Any CPU
		Release|Any CPU = Release|Any CPU
	EndGlobalSection
	GlobalSection(ProjectConfigurationPlatforms) = postSolution
		{B3828F8D-AEB7-4C4C-810A-5E7B0D8D4F04}.Debug|Any CPU.ActiveCfg = Debug|Any CPU
		{B3828F8D-AEB7-4C4C-810A-5E7B0D8D4F04}.Debug|Any CPU.Build.0 = Debug|Any CPU
		{B3828F8D-AEB7-4C4C-810A-5E7B0D8D4F04}.Release|Any CPU.ActiveCfg = Release|Any CPU
		{B3828F8D-AEB7-4C4C-810A-5E7B0D8D4F04}.Release|Any CPU.Build.0 = Release|Any CPU
		{738C321E-136E-4476-BCFB-01A1538D1D1E}.Debug|Any CPU.ActiveCfg = Debug|Any CPU
		{738C321E-136E-4476-BCFB-01A1538D1D1E}.Debug|Any CPU.Build.0 = Debug|Any CPU
		{738C321E-136E-4476-BCFB-01A1538D1D1E}.Release|Any CPU.ActiveCfg = Release|Any CPU
		{738C321E-136E-4476-BCFB-01A1538D1D1E}.Release|Any CPU.Build.0 = Release|Any CPU
		{FDD97508-9D75-449C-8E3B-89CDAC700E84}.Debug|Any CPU.ActiveCfg = Debug|Any CPU
		{FDD97508-9D75-449C-8E3B-89CDAC700E84}.Debug|Any CPU.Build.0 = Debug|Any CPU
		{FDD97508-9D75-449C-8E3B-89CDAC700E84}.Release|Any CPU.ActiveCfg = Release|Any CPU
		{FDD97508-9D75-449C-8E3B-89CDAC700E84}.Release|Any CPU.Build.0 = Release|Any CPU
		{93CF15EB-E100-46C4-A0A0-48B787D8A8DF}.Debug|Any CPU.ActiveCfg = Debug|Any CPU
		{93CF15EB-E100-46C4-A0A0-48B787D8A8DF}.Debug|Any CPU.Build.0 = Debug|Any CPU
		{93CF15EB-E100-46C4-A0A0-48B787D8A8DF}.Release|Any CPU.ActiveCfg = Release|Any CPU
		{93CF15EB-E100-46C4-A0A0-48B787D8A8DF}.Release|Any CPU.Build.0 = Release|Any CPU
		{BA741EB5-72CB-4F78-B775-69ABE5876026}.Debug|Any CPU.ActiveCfg = Debug|Any CPU
		{BA741EB5-72CB-4F78-B775-69ABE5876026}.Debug|Any CPU.Build.0 = Debug|Any CPU
		{BA741EB5-72CB-4F78-B775-69ABE5876026}.Release|Any CPU.ActiveCfg = Release|Any CPU
		{BA741EB5-72CB-4F78-B775-69ABE5876026}.Release|Any CPU.Build.0 = Release|Any CPU
		{4C873B61-C686-4237-8002-3E8CFA1FBAAC}.Debug|Any CPU.ActiveCfg = Debug|Any CPU
		{4C873B61-C686-4237-8002-3E8CFA1FBAAC}.Debug|Any CPU.Build.0 = Debug|Any CPU
		{4C873B61-C686-4237-8002-3E8CFA1FBAAC}.Release|Any CPU.ActiveCfg = Release|Any CPU
		{4C873B61-C686-4237-8002-3E8CFA1FBAAC}.Release|Any CPU.Build.0 = Release|Any CPU
		{C0D36FFF-4A33-42BB-8A3C-E8D6AE02AEEC}.Debug|Any CPU.ActiveCfg = Debug|Any CPU
		{C0D36FFF-4A33-42BB-8A3C-E8D6AE02AEEC}.Debug|Any CPU.Build.0 = Debug|Any CPU
		{C0D36FFF-4A33-42BB-8A3C-E8D6AE02AEEC}.Release|Any CPU.ActiveCfg = Release|Any CPU
		{C0D36FFF-4A33-42BB-8A3C-E8D6AE02AEEC}.Release|Any CPU.Build.0 = Release|Any CPU
		{E7E820F4-4F8C-426E-B713-572455D6B76D}.Debug|Any CPU.ActiveCfg = Debug|Any CPU
		{E7E820F4-4F8C-426E-B713-572455D6B76D}.Debug|Any CPU.Build.0 = Debug|Any CPU
		{E7E820F4-4F8C-426E-B713-572455D6B76D}.Release|Any CPU.ActiveCfg = Release|Any CPU
		{E7E820F4-4F8C-426E-B713-572455D6B76D}.Release|Any CPU.Build.0 = Release|Any CPU
		{6B938855-7FAB-4A9E-A72C-7879F3F3B005}.Debug|Any CPU.ActiveCfg = Debug|Any CPU
		{6B938855-7FAB-4A9E-A72C-7879F3F3B005}.Debug|Any CPU.Build.0 = Debug|Any CPU
		{6B938855-7FAB-4A9E-A72C-7879F3F3B005}.Release|Any CPU.ActiveCfg = Release|Any CPU
		{6B938855-7FAB-4A9E-A72C-7879F3F3B005}.Release|Any CPU.Build.0 = Release|Any CPU
		{D7CCFD95-9A4D-4DB2-9A85-70131566F49C}.Debug|Any CPU.ActiveCfg = Debug|Any CPU
		{D7CCFD95-9A4D-4DB2-9A85-70131566F49C}.Debug|Any CPU.Build.0 = Debug|Any CPU
		{D7CCFD95-9A4D-4DB2-9A85-70131566F49C}.Release|Any CPU.ActiveCfg = Release|Any CPU
		{D7CCFD95-9A4D-4DB2-9A85-70131566F49C}.Release|Any CPU.Build.0 = Release|Any CPU
		{9A951C8A-DFF4-4110-B6E7-FF633A78322B}.Debug|Any CPU.ActiveCfg = Debug|Any CPU
		{9A951C8A-DFF4-4110-B6E7-FF633A78322B}.Debug|Any CPU.Build.0 = Debug|Any CPU
		{9A951C8A-DFF4-4110-B6E7-FF633A78322B}.Release|Any CPU.ActiveCfg = Release|Any CPU
		{9A951C8A-DFF4-4110-B6E7-FF633A78322B}.Release|Any CPU.Build.0 = Release|Any CPU
		{005FC1D5-371D-4AF5-9886-6CD1E824C5BB}.Debug|Any CPU.ActiveCfg = Debug|Any CPU
		{005FC1D5-371D-4AF5-9886-6CD1E824C5BB}.Debug|Any CPU.Build.0 = Debug|Any CPU
		{005FC1D5-371D-4AF5-9886-6CD1E824C5BB}.Release|Any CPU.ActiveCfg = Release|Any CPU
		{005FC1D5-371D-4AF5-9886-6CD1E824C5BB}.Release|Any CPU.Build.0 = Release|Any CPU
		{FBA7EBCC-59A9-4FD5-A231-89C8220D7F49}.Debug|Any CPU.ActiveCfg = Debug|Any CPU
		{FBA7EBCC-59A9-4FD5-A231-89C8220D7F49}.Debug|Any CPU.Build.0 = Debug|Any CPU
		{FBA7EBCC-59A9-4FD5-A231-89C8220D7F49}.Release|Any CPU.ActiveCfg = Release|Any CPU
		{FBA7EBCC-59A9-4FD5-A231-89C8220D7F49}.Release|Any CPU.Build.0 = Release|Any CPU
		{4289A441-D6D4-44C4-9CFD-BF12DB2DA422}.Debug|Any CPU.ActiveCfg = Debug|Any CPU
		{4289A441-D6D4-44C4-9CFD-BF12DB2DA422}.Debug|Any CPU.Build.0 = Debug|Any CPU
		{4289A441-D6D4-44C4-9CFD-BF12DB2DA422}.Release|Any CPU.ActiveCfg = Release|Any CPU
		{4289A441-D6D4-44C4-9CFD-BF12DB2DA422}.Release|Any CPU.Build.0 = Release|Any CPU
		{656BE8ED-720D-4F41-82E5-B9434984B45B}.Debug|Any CPU.ActiveCfg = Debug|Any CPU
		{656BE8ED-720D-4F41-82E5-B9434984B45B}.Debug|Any CPU.Build.0 = Debug|Any CPU
		{656BE8ED-720D-4F41-82E5-B9434984B45B}.Release|Any CPU.ActiveCfg = Release|Any CPU
		{656BE8ED-720D-4F41-82E5-B9434984B45B}.Release|Any CPU.Build.0 = Release|Any CPU
		{18E4477C-83BE-4906-B825-E858477C3EDD}.Debug|Any CPU.ActiveCfg = Debug|Any CPU
		{18E4477C-83BE-4906-B825-E858477C3EDD}.Debug|Any CPU.Build.0 = Debug|Any CPU
		{18E4477C-83BE-4906-B825-E858477C3EDD}.Release|Any CPU.ActiveCfg = Release|Any CPU
		{18E4477C-83BE-4906-B825-E858477C3EDD}.Release|Any CPU.Build.0 = Release|Any CPU
		{012134CB-4AF4-45FD-A329-51558CD40F86}.Debug|Any CPU.ActiveCfg = Debug|Any CPU
		{012134CB-4AF4-45FD-A329-51558CD40F86}.Debug|Any CPU.Build.0 = Debug|Any CPU
		{012134CB-4AF4-45FD-A329-51558CD40F86}.Release|Any CPU.ActiveCfg = Release|Any CPU
		{012134CB-4AF4-45FD-A329-51558CD40F86}.Release|Any CPU.Build.0 = Release|Any CPU
		{EB1245E5-B750-4011-A0C9-F253F66D2EC3}.Debug|Any CPU.ActiveCfg = Debug|Any CPU
		{EB1245E5-B750-4011-A0C9-F253F66D2EC3}.Debug|Any CPU.Build.0 = Debug|Any CPU
		{EB1245E5-B750-4011-A0C9-F253F66D2EC3}.Release|Any CPU.ActiveCfg = Release|Any CPU
		{EB1245E5-B750-4011-A0C9-F253F66D2EC3}.Release|Any CPU.Build.0 = Release|Any CPU
		{7FFCBD67-B6B1-4843-930B-ADB535507CF0}.Debug|Any CPU.ActiveCfg = Debug|Any CPU
		{7FFCBD67-B6B1-4843-930B-ADB535507CF0}.Debug|Any CPU.Build.0 = Debug|Any CPU
		{7FFCBD67-B6B1-4843-930B-ADB535507CF0}.Release|Any CPU.ActiveCfg = Release|Any CPU
		{7FFCBD67-B6B1-4843-930B-ADB535507CF0}.Release|Any CPU.Build.0 = Release|Any CPU
		{603BEAE7-0A8F-4187-9334-8FA180AA59E7}.Debug|Any CPU.ActiveCfg = Debug|Any CPU
		{603BEAE7-0A8F-4187-9334-8FA180AA59E7}.Debug|Any CPU.Build.0 = Debug|Any CPU
		{603BEAE7-0A8F-4187-9334-8FA180AA59E7}.Release|Any CPU.ActiveCfg = Release|Any CPU
		{603BEAE7-0A8F-4187-9334-8FA180AA59E7}.Release|Any CPU.Build.0 = Release|Any CPU
		{8B164B17-A26A-416E-AAAF-EECF714B8F32}.Debug|Any CPU.ActiveCfg = Debug|Any CPU
		{8B164B17-A26A-416E-AAAF-EECF714B8F32}.Debug|Any CPU.Build.0 = Debug|Any CPU
		{8B164B17-A26A-416E-AAAF-EECF714B8F32}.Release|Any CPU.ActiveCfg = Release|Any CPU
		{8B164B17-A26A-416E-AAAF-EECF714B8F32}.Release|Any CPU.Build.0 = Release|Any CPU
		{8E9EE241-234B-4AC3-8336-1652759BB83F}.Debug|Any CPU.ActiveCfg = Debug|Any CPU
		{8E9EE241-234B-4AC3-8336-1652759BB83F}.Debug|Any CPU.Build.0 = Debug|Any CPU
		{8E9EE241-234B-4AC3-8336-1652759BB83F}.Release|Any CPU.ActiveCfg = Release|Any CPU
		{8E9EE241-234B-4AC3-8336-1652759BB83F}.Release|Any CPU.Build.0 = Release|Any CPU
		{26BF7904-5BC5-4B92-AEB1-FF17EADC3DD0}.Debug|Any CPU.ActiveCfg = Debug|Any CPU
		{26BF7904-5BC5-4B92-AEB1-FF17EADC3DD0}.Debug|Any CPU.Build.0 = Debug|Any CPU
		{26BF7904-5BC5-4B92-AEB1-FF17EADC3DD0}.Release|Any CPU.ActiveCfg = Release|Any CPU
		{26BF7904-5BC5-4B92-AEB1-FF17EADC3DD0}.Release|Any CPU.Build.0 = Release|Any CPU
		{336670D3-F964-4F5A-868C-F2D3ED4C0A8C}.Debug|Any CPU.ActiveCfg = Debug|Any CPU
		{336670D3-F964-4F5A-868C-F2D3ED4C0A8C}.Debug|Any CPU.Build.0 = Debug|Any CPU
		{336670D3-F964-4F5A-868C-F2D3ED4C0A8C}.Release|Any CPU.ActiveCfg = Release|Any CPU
		{336670D3-F964-4F5A-868C-F2D3ED4C0A8C}.Release|Any CPU.Build.0 = Release|Any CPU
		{FFFF2130-653B-4182-9AEE-5DACA6DAB635}.Debug|Any CPU.ActiveCfg = Debug|Any CPU
		{FFFF2130-653B-4182-9AEE-5DACA6DAB635}.Debug|Any CPU.Build.0 = Debug|Any CPU
		{FFFF2130-653B-4182-9AEE-5DACA6DAB635}.Release|Any CPU.ActiveCfg = Release|Any CPU
		{FFFF2130-653B-4182-9AEE-5DACA6DAB635}.Release|Any CPU.Build.0 = Release|Any CPU
		{3BB6E605-34C1-43F0-91B0-968924C9345E}.Debug|Any CPU.ActiveCfg = Debug|Any CPU
		{3BB6E605-34C1-43F0-91B0-968924C9345E}.Debug|Any CPU.Build.0 = Debug|Any CPU
		{3BB6E605-34C1-43F0-91B0-968924C9345E}.Release|Any CPU.ActiveCfg = Release|Any CPU
		{3BB6E605-34C1-43F0-91B0-968924C9345E}.Release|Any CPU.Build.0 = Release|Any CPU
		{3BA605B7-E58C-40A2-A4CE-413E62EB2B31}.Debug|Any CPU.ActiveCfg = Debug|Any CPU
		{3BA605B7-E58C-40A2-A4CE-413E62EB2B31}.Debug|Any CPU.Build.0 = Debug|Any CPU
		{3BA605B7-E58C-40A2-A4CE-413E62EB2B31}.Release|Any CPU.ActiveCfg = Release|Any CPU
		{3BA605B7-E58C-40A2-A4CE-413E62EB2B31}.Release|Any CPU.Build.0 = Release|Any CPU
	EndGlobalSection
	GlobalSection(SolutionProperties) = preSolution
		HideSolutionNode = FALSE
	EndGlobalSection
	GlobalSection(NestedProjects) = preSolution
		{B3828F8D-AEB7-4C4C-810A-5E7B0D8D4F04} = {E30E6463-FD28-415D-A803-7DB81B4B05BC}
		{738C321E-136E-4476-BCFB-01A1538D1D1E} = {EC6DBA97-02CA-4228-962C-F2D8C360B676}
		{FDD97508-9D75-449C-8E3B-89CDAC700E84} = {EC6DBA97-02CA-4228-962C-F2D8C360B676}
		{93CF15EB-E100-46C4-A0A0-48B787D8A8DF} = {7DC2BA06-5124-49D7-ACB0-EEA5D19A4203}
		{BA741EB5-72CB-4F78-B775-69ABE5876026} = {7DC2BA06-5124-49D7-ACB0-EEA5D19A4203}
		{4C873B61-C686-4237-8002-3E8CFA1FBAAC} = {49D692F3-826D-4F49-9038-8E6B296EFC19}
		{C0D36FFF-4A33-42BB-8A3C-E8D6AE02AEEC} = {49D692F3-826D-4F49-9038-8E6B296EFC19}
		{E7E820F4-4F8C-426E-B713-572455D6B76D} = {EC6DBA97-02CA-4228-962C-F2D8C360B676}
		{6B938855-7FAB-4A9E-A72C-7879F3F3B005} = {EC6DBA97-02CA-4228-962C-F2D8C360B676}
		{D7CCFD95-9A4D-4DB2-9A85-70131566F49C} = {7DC2BA06-5124-49D7-ACB0-EEA5D19A4203}
		{9A951C8A-DFF4-4110-B6E7-FF633A78322B} = {7DC2BA06-5124-49D7-ACB0-EEA5D19A4203}
		{005FC1D5-371D-4AF5-9886-6CD1E824C5BB} = {EC6DBA97-02CA-4228-962C-F2D8C360B676}
		{FBA7EBCC-59A9-4FD5-A231-89C8220D7F49} = {EC6DBA97-02CA-4228-962C-F2D8C360B676}
		{4289A441-D6D4-44C4-9CFD-BF12DB2DA422} = {7DC2BA06-5124-49D7-ACB0-EEA5D19A4203}
		{656BE8ED-720D-4F41-82E5-B9434984B45B} = {7DC2BA06-5124-49D7-ACB0-EEA5D19A4203}
		{18E4477C-83BE-4906-B825-E858477C3EDD} = {EC6DBA97-02CA-4228-962C-F2D8C360B676}
		{012134CB-4AF4-45FD-A329-51558CD40F86} = {EC6DBA97-02CA-4228-962C-F2D8C360B676}
		{EB1245E5-B750-4011-A0C9-F253F66D2EC3} = {7DC2BA06-5124-49D7-ACB0-EEA5D19A4203}
		{7FFCBD67-B6B1-4843-930B-ADB535507CF0} = {7DC2BA06-5124-49D7-ACB0-EEA5D19A4203}
		{603BEAE7-0A8F-4187-9334-8FA180AA59E7} = {EC6DBA97-02CA-4228-962C-F2D8C360B676}
		{8B164B17-A26A-416E-AAAF-EECF714B8F32} = {EC6DBA97-02CA-4228-962C-F2D8C360B676}
		{8E9EE241-234B-4AC3-8336-1652759BB83F} = {7DC2BA06-5124-49D7-ACB0-EEA5D19A4203}
		{26BF7904-5BC5-4B92-AEB1-FF17EADC3DD0} = {7DC2BA06-5124-49D7-ACB0-EEA5D19A4203}
		{336670D3-F964-4F5A-868C-F2D3ED4C0A8C} = {EC6DBA97-02CA-4228-962C-F2D8C360B676}
		{FFFF2130-653B-4182-9AEE-5DACA6DAB635} = {EC6DBA97-02CA-4228-962C-F2D8C360B676}
		{3BB6E605-34C1-43F0-91B0-968924C9345E} = {7DC2BA06-5124-49D7-ACB0-EEA5D19A4203}
		{3BA605B7-E58C-40A2-A4CE-413E62EB2B31} = {7DC2BA06-5124-49D7-ACB0-EEA5D19A4203}
	EndGlobalSection
	GlobalSection(ExtensibilityGlobals) = postSolution
		SolutionGuid = {ECD16B3B-59A0-45F1-BB00-F5FC18AA276D}
	EndGlobalSection
EndGlobal
